<?xml version="1.0" encoding="utf-8"?>
<Project ToolsVersion="4.0" xmlns="http://schemas.microsoft.com/developer/msbuild/2003">
  <ItemGroup>
    <Filter Include="Source Files">
      <UniqueIdentifier>{4FC737F1-C7A5-4376-A066-2A32D752A2FF}</UniqueIdentifier>
      <Extensions>cpp;c;cc;cxx;def;odl;idl;hpj;bat;asm;asmx</Extensions>
    </Filter>
    <Filter Include="Header Files">
      <UniqueIdentifier>{93995380-89BD-4b04-88EB-625FBE52EBFB}</UniqueIdentifier>
      <Extensions>h;hh;hpp;hxx;hm;inl;inc;xsd</Extensions>
    </Filter>
    <Filter Include="Resource Files">
      <UniqueIdentifier>{67DA6AB6-F800-4c08-8B7A-83BB121AAD01}</UniqueIdentifier>
      <Extensions>rc;ico;cur;bmp;dlg;rc2;rct;bin;rgs;gif;jpg;jpeg;jpe;resx;tiff;tif;png;wav;mfcribbon-ms</Extensions>
    </Filter>
  </ItemGroup>
  <ItemGroup>
    <ClCompile Include="main.cpp">
      <Filter>Source Files</Filter>
    </ClCompile>
    <ClCompile Include="houserobber.cpp">
      <Filter>Source Files</Filter>
    </ClCompile>
    <ClCompile Include="houserobber2.cpp">
      <Filter>Source Files</Filter>
    </ClCompile>
    <ClCompile Include="BasicCalculator2.cpp">
      <Filter>Source Files</Filter>
    </ClCompile>
    <ClCompile Include="RemoveLinkedListElements.cpp">
      <Filter>Source Files</Filter>
    </ClCompile>
    <ClCompile Include="String2Integer.cpp">
      <Filter>Source Files</Filter>
    </ClCompile>
    <ClCompile Include="PalindromeNumber.cpp">
      <Filter>Source Files</Filter>
    </ClCompile>
    <ClCompile Include="RotateArray.cpp">
      <Filter>Source Files</Filter>
    </ClCompile>
    <ClCompile Include="SortList.cpp">
      <Filter>Source Files</Filter>
    </ClCompile>
    <ClCompile Include="ReoderList.cpp">
      <Filter>Source Files</Filter>
    </ClCompile>
    <ClCompile Include="DetectCycle.cpp">
      <Filter>Source Files</Filter>
    </ClCompile>
    <ClCompile Include="MinStack.cpp">
      <Filter>Source Files</Filter>
    </ClCompile>
    <ClCompile Include="InvertBinaryTree.cpp">
      <Filter>Source Files</Filter>
    </ClCompile>
    <ClCompile Include="MajorityElement.cpp">
      <Filter>Source Files</Filter>
    </ClCompile>
    <ClCompile Include="QuickSort.cpp">
      <Filter>Source Files</Filter>
    </ClCompile>
    <ClCompile Include="NumberOfDigitOne.cpp">
      <Filter>Source Files</Filter>
    </ClCompile>
    <ClCompile Include="TheLargestNum.cpp">
      <Filter>Source Files</Filter>
    </ClCompile>
    <ClCompile Include="SortColors.cpp">
      <Filter>Source Files</Filter>
    </ClCompile>
    <ClCompile Include="TwoSum.cpp">
      <Filter>Source Files</Filter>
    </ClCompile>
    <ClCompile Include="PathSum.cpp">
      <Filter>Source Files</Filter>
    </ClCompile>
    <ClCompile Include="AddTwoNumbers.cpp">
      <Filter>Source Files</Filter>
    </ClCompile>
    <ClCompile Include="LongestSubstringWithoutRepeatingCharacters.cpp">
      <Filter>Source Files</Filter>
    </ClCompile>
    <ClCompile Include="MultiplyStrings.cpp">
      <Filter>Source Files</Filter>
    </ClCompile>
    <ClCompile Include="ZigZagConversion.cpp">
      <Filter>Source Files</Filter>
    </ClCompile>
    <ClCompile Include="LongestPalindromicSubstring.cpp">
      <Filter>Source Files</Filter>
    </ClCompile>
    <ClCompile Include="SumRoot2LeafNumbers.cpp">
      <Filter>Source Files</Filter>
    </ClCompile>
    <ClCompile Include="AddBinary.cpp">
      <Filter>Source Files</Filter>
    </ClCompile>
    <ClCompile Include="MergeSortedArray.c">
      <Filter>Source Files</Filter>
    </ClCompile>
    <ClCompile Include="RemoveDuplicatesFromSortedList.cpp">
      <Filter>Source Files</Filter>
    </ClCompile>
    <ClCompile Include="BestTimeToBuyAndSellStock.cpp">
      <Filter>Source Files</Filter>
    </ClCompile>
    <ClCompile Include="RotateImage.c">
      <Filter>Source Files</Filter>
    </ClCompile>
    <ClCompile Include="CombinationSum.cpp">
      <Filter>Source Files</Filter>
    </ClCompile>
    <ClCompile Include="SymmetricTree.cpp">
      <Filter>Source Files</Filter>
    </ClCompile>
    <ClCompile Include="ThreeSum.cpp">
      <Filter>Source Files</Filter>
    </ClCompile>
    <ClCompile Include="FourSum.cpp">
      <Filter>Source Files</Filter>
    </ClCompile>
    <ClCompile Include="maxArea.cpp">
      <Filter>Source Files</Filter>
    </ClCompile>
    <ClCompile Include="ImplementStrstr.cpp">
      <Filter>Source Files</Filter>
    </ClCompile>
    <ClCompile Include="RemoveNthNodeFromEndOfList.cpp">
      <Filter>Source Files</Filter>
    </ClCompile>
    <ClCompile Include="SlidingWindowMaximum.cpp">
      <Filter>Source Files</Filter>
    </ClCompile>
    <ClCompile Include="DivideTwoIntegers.c">
      <Filter>Source Files</Filter>
    </ClCompile>
    <ClCompile Include="NextPermutation.cpp">
      <Filter>Source Files</Filter>
    </ClCompile>
    <ClCompile Include="SubstringWithConcatenationofAllWords.cpp">
      <Filter>Source Files</Filter>
    </ClCompile>
    <ClCompile Include="SearchinRotatedSortedArray.c">
      <Filter>Source Files</Filter>
    </ClCompile>
    <ClCompile Include="SearchforaRange.c">
      <Filter>Source Files</Filter>
    </ClCompile>
    <ClCompile Include="SearchInsertPostion.c">
      <Filter>Source Files</Filter>
    </ClCompile>
    <ClCompile Include="FirstMissingPositive.c">
      <Filter>Source Files</Filter>
    </ClCompile>
    <ClCompile Include="MergekSortedLists.c">
      <Filter>Source Files</Filter>
    </ClCompile>
    <ClCompile Include="TrappingRainWater.c">
      <Filter>Source Files</Filter>
    </ClCompile>
    <ClCompile Include="BinaryTreeTraversal.cpp">
      <Filter>Source Files</Filter>
    </ClCompile>
    <ClCompile Include="RepeatedDNASequences.cpp">
      <Filter>Source Files</Filter>
    </ClCompile>
    <ClCompile Include="EditDistance.c">
      <Filter>Source Files</Filter>
    </ClCompile>
    <ClCompile Include="ShortestPalindrome.c">
      <Filter>Source Files</Filter>
    </ClCompile>
    <ClCompile Include="MinimumWindowSubstring.c">
      <Filter>Source Files</Filter>
    </ClCompile>
    <ClCompile Include="ReverseNodesInKGroup.c">
      <Filter>Source Files</Filter>
    </ClCompile>
    <ClCompile Include="RegularExpressionMatch.c">
      <Filter>Source Files</Filter>
    </ClCompile>
  </ItemGroup>
  <ItemGroup>
    <ClInclude Include="houserobber.h">
      <Filter>Header Files</Filter>
    </ClInclude>
    <ClInclude Include="houserobber2.h">
      <Filter>Header Files</Filter>
    </ClInclude>
    <ClInclude Include="BasicCalculator2.h">
      <Filter>Header Files</Filter>
    </ClInclude>
    <ClInclude Include="RemoveLinkedListElements.h">
      <Filter>Header Files</Filter>
    </ClInclude>
    <ClInclude Include="NumberOf1Bits.h">
      <Filter>Header Files</Filter>
    </ClInclude>
    <ClInclude Include="ReverseBits.h">
      <Filter>Header Files</Filter>
    </ClInclude>
    <ClInclude Include="ReverseInteger.h">
      <Filter>Header Files</Filter>
    </ClInclude>
    <ClInclude Include="String2Integer.h">
      <Filter>Header Files</Filter>
    </ClInclude>
    <ClInclude Include="RemoveElements.h">
      <Filter>Header Files</Filter>
    </ClInclude>
    <ClInclude Include="PalindromeNumber.h">
      <Filter>Header Files</Filter>
    </ClInclude>
    <ClInclude Include="RotateArray.h">
      <Filter>Header Files</Filter>
    </ClInclude>
    <ClInclude Include="SortList.h">
      <Filter>Header Files</Filter>
    </ClInclude>
    <ClInclude Include="ReoderList.h">
      <Filter>Header Files</Filter>
    </ClInclude>
    <ClInclude Include="RotateList.h">
      <Filter>Header Files</Filter>
    </ClInclude>
    <ClInclude Include="PartitionList.h">
      <Filter>Header Files</Filter>
    </ClInclude>
    <ClInclude Include="ReverseList.h">
      <Filter>Header Files</Filter>
    </ClInclude>
    <ClInclude Include="DetectCycle.h">
      <Filter>Header Files</Filter>
    </ClInclude>
    <ClInclude Include="MinStack.h">
      <Filter>Header Files</Filter>
    </ClInclude>
    <ClInclude Include="TestTemplate.h">
      <Filter>Header Files</Filter>
    </ClInclude>
    <ClInclude Include="ReverseWordsInString.h">
      <Filter>Header Files</Filter>
    </ClInclude>
    <ClInclude Include="InvertBinaryTree.h">
      <Filter>Header Files</Filter>
    </ClInclude>
    <ClInclude Include="MajorityElement.h">
      <Filter>Header Files</Filter>
    </ClInclude>
    <ClInclude Include="QuickSort.h">
      <Filter>Header Files</Filter>
    </ClInclude>
    <ClInclude Include="NumberOfDigitOne.h">
      <Filter>Header Files</Filter>
    </ClInclude>
    <ClInclude Include="TheLargestNum.h">
      <Filter>Header Files</Filter>
    </ClInclude>
    <ClInclude Include="SortColors.h">
      <Filter>Header Files</Filter>
    </ClInclude>
    <ClInclude Include="TwoSum.h">
      <Filter>Header Files</Filter>
    </ClInclude>
    <ClInclude Include="PathSum.h">
      <Filter>Header Files</Filter>
    </ClInclude>
    <ClInclude Include="AddTwoNumbers.h">
      <Filter>Header Files</Filter>
    </ClInclude>
    <ClInclude Include="LongestSubstringWithoutRepeatingCharacters.h">
      <Filter>Header Files</Filter>
    </ClInclude>
    <ClInclude Include="MultiplyStrings.h">
      <Filter>Header Files</Filter>
    </ClInclude>
    <ClInclude Include="ZigZagConversion.h">
      <Filter>Header Files</Filter>
    </ClInclude>
    <ClInclude Include="LongestPalindromicSubstring.h">
      <Filter>Header Files</Filter>
    </ClInclude>
    <ClInclude Include="SumRoot2LeafNumbers.h">
      <Filter>Header Files</Filter>
    </ClInclude>
    <ClInclude Include="AddBinary.h">
      <Filter>Header Files</Filter>
    </ClInclude>
    <ClInclude Include="MergeSortedArray.h">
      <Filter>Header Files</Filter>
    </ClInclude>
    <ClInclude Include="RemoveDuplicatesFromSortedList.h">
      <Filter>Header Files</Filter>
    </ClInclude>
    <ClInclude Include="BestTimeToBuyAndSellStock.h">
      <Filter>Header Files</Filter>
    </ClInclude>
    <ClInclude Include="RotateImage.h">
      <Filter>Header Files</Filter>
    </ClInclude>
    <ClInclude Include="CombinationSum.h">
      <Filter>Header Files</Filter>
    </ClInclude>
    <ClInclude Include="SymmetricTree.h">
      <Filter>Header Files</Filter>
    </ClInclude>
    <ClInclude Include="ThreeSum.h">
      <Filter>Header Files</Filter>
    </ClInclude>
    <ClInclude Include="FourSum.h">
      <Filter>Header Files</Filter>
    </ClInclude>
    <ClInclude Include="ContainerWithMostWater.h">
      <Filter>Header Files</Filter>
    </ClInclude>
    <ClInclude Include="ImplemenStrstr.h">
      <Filter>Header Files</Filter>
    </ClInclude>
    <ClInclude Include="RemoveNthNodeFromEndOfList.h">
      <Filter>Header Files</Filter>
    </ClInclude>
    <ClInclude Include="SlidingWindowMaximum.h">
      <Filter>Header Files</Filter>
    </ClInclude>
    <ClInclude Include="ValidPalindrome.h">
      <Filter>Header Files</Filter>
    </ClInclude>
    <ClInclude Include="DivideTwoIntegers.h">
      <Filter>Header Files</Filter>
    </ClInclude>
    <ClInclude Include="NextPermutation.h">
      <Filter>Header Files</Filter>
    </ClInclude>
    <ClInclude Include="SubstringWithConcatenationOfAllWords.h">
      <Filter>Header Files</Filter>
    </ClInclude>
    <ClInclude Include="SearchinRotatedSortedArray.h">
      <Filter>Header Files</Filter>
    </ClInclude>
    <ClInclude Include="SearchforaRange.h">
      <Filter>Header Files</Filter>
    </ClInclude>
    <ClInclude Include="SearchInsertPosition.h">
      <Filter>Header Files</Filter>
    </ClInclude>
    <ClInclude Include="FirstMissingPositive.h">
      <Filter>Header Files</Filter>
    </ClInclude>
    <ClInclude Include="MergekSortedLists.h">
      <Filter>Header Files</Filter>
    </ClInclude>
    <ClInclude Include="ClimbingStairs.h">
      <Filter>Header Files</Filter>
    </ClInclude>
    <ClInclude Include="TrappingRainWater.h">
      <Filter>Header Files</Filter>
    </ClInclude>
    <ClInclude Include="BinaryTreeTraversal.h">
      <Filter>Header Files</Filter>
    </ClInclude>
    <ClInclude Include="RepeatedDNASequences.h">
      <Filter>Header Files</Filter>
    </ClInclude>
    <ClInclude Include="EditDistance.h">
      <Filter>Header Files</Filter>
    </ClInclude>
    <ClInclude Include="ShortestPalindrome.h">
      <Filter>Header Files</Filter>
    </ClInclude>
    <ClInclude Include="MinimumWindowSubstring.h">
      <Filter>Header Files</Filter>
    </ClInclude>
    <ClInclude Include="ReverseNodesInKGroup.h">
      <Filter>Header Files</Filter>
    </ClInclude>
    <ClInclude Include="RegularExpressionMatch.h">
      <Filter>Header Files</Filter>
    </ClInclude>
  </ItemGroup>
</Project>